
Microsoft Visual Studio Solution File, Format Version 11.00
# Visual Studio 2010
Project("{FAE04EC0-301F-11D3-BF4B-00C04F79EFBC}") = "ptopw", "ptopw.csproj", "{2B1E6CA0-6AEF-417F-B111-F1A6EE27BC75}"
EndProject
Project("{8BC9CEB8-8B4A-11D0-8D11-00A0C91BC942}") = "MyDll", "..\MyDll\MyDll.vcxproj", "{9DA5FE9B-1696-43E8-8826-AD0CA5A9F06E}"
EndProject
Project("{FAE04EC0-301F-11D3-BF4B-00C04F79EFBC}") = "LogAnalysis", "..\LogAnalysis\LogAnalysis.csproj", "{C9A7D78F-5C57-4C03-B617-2B7042455EC6}"
EndProject
Project("{FAE04EC0-301F-11D3-BF4B-00C04F79EFBC}") = "TestAPI", "..\TestAPI\TestAPI.csproj", "{BF284FCF-FD2C-482A-BDBC-F852DC23718E}"
EndProject
Project("{FAE04EC0-301F-11D3-BF4B-00C04F79EFBC}") = "FileProcess", "..\FileProcess\FileProcess.csproj", "{A1666391-1004-4A9E-981D-F7BF933AC22E}"
EndProject
Project("{FAE04EC0-301F-11D3-BF4B-00C04F79EFBC}") = "ptopwdll", "..\ptopwdll\ptopwdll.csproj", "{9EDC1E06-B9FA-4B90-9824-BCE4CED96D9E}"
EndProject
Project("{FAE04EC0-301F-11D3-BF4B-00C04F79EFBC}") = "EnergyGuard", "..\EnergyGuard\EnergyGuard.csproj", "{41A6EC6E-5C37-4C38-B9DD-51BBCCB4127B}"
EndProject
Project("{FAE04EC0-301F-11D3-BF4B-00C04F79EFBC}") = "BatteryLife", "..\BatteryLife\BatteryLife.csproj", "{FF126EB1-FFD5-4F36-814C-576EEBD8DB84}"
EndProject
Global
	GlobalSection(SubversionScc) = preSolution
		Svn-Managed = True
		Manager = AnkhSVN - Subversion Support for Visual Studio
	EndGlobalSection
	GlobalSection(SolutionConfigurationPlatforms) = preSolution
		Debug|Any CPU = Debug|Any CPU
		Debug|Mixed Platforms = Debug|Mixed Platforms
		Debug|Win32 = Debug|Win32
		Debug|x86 = Debug|x86
		Release|Any CPU = Release|Any CPU
		Release|Mixed Platforms = Release|Mixed Platforms
		Release|Win32 = Release|Win32
		Release|x86 = Release|x86
	EndGlobalSection
	GlobalSection(ProjectConfigurationPlatforms) = postSolution
		{2B1E6CA0-6AEF-417F-B111-F1A6EE27BC75}.Debug|Any CPU.ActiveCfg = Debug|x86
		{2B1E6CA0-6AEF-417F-B111-F1A6EE27BC75}.Debug|Mixed Platforms.ActiveCfg = Debug|x86
		{2B1E6CA0-6AEF-417F-B111-F1A6EE27BC75}.Debug|Mixed Platforms.Build.0 = Debug|x86
		{2B1E6CA0-6AEF-417F-B111-F1A6EE27BC75}.Debug|Win32.ActiveCfg = Debug|x86
		{2B1E6CA0-6AEF-417F-B111-F1A6EE27BC75}.Debug|x86.ActiveCfg = Release|x86
		{2B1E6CA0-6AEF-417F-B111-F1A6EE27BC75}.Debug|x86.Build.0 = Release|x86
		{2B1E6CA0-6AEF-417F-B111-F1A6EE27BC75}.Release|Any CPU.ActiveCfg = Release|x86
		{2B1E6CA0-6AEF-417F-B111-F1A6EE27BC75}.Release|Mixed Platforms.ActiveCfg = Release|x86
		{2B1E6CA0-6AEF-417F-B111-F1A6EE27BC75}.Release|Mixed Platforms.Build.0 = Release|x86
		{2B1E6CA0-6AEF-417F-B111-F1A6EE27BC75}.Release|Win32.ActiveCfg = Release|x86
		{2B1E6CA0-6AEF-417F-B111-F1A6EE27BC75}.Release|x86.ActiveCfg = Release|x86
		{2B1E6CA0-6AEF-417F-B111-F1A6EE27BC75}.Release|x86.Build.0 = Release|x86
		{9DA5FE9B-1696-43E8-8826-AD0CA5A9F06E}.Debug|Any CPU.ActiveCfg = Debug|Win32
		{9DA5FE9B-1696-43E8-8826-AD0CA5A9F06E}.Debug|Mixed Platforms.ActiveCfg = Debug|Win32
		{9DA5FE9B-1696-43E8-8826-AD0CA5A9F06E}.Debug|Mixed Platforms.Build.0 = Debug|Win32
		{9DA5FE9B-1696-43E8-8826-AD0CA5A9F06E}.Debug|Win32.ActiveCfg = Debug|Win32
		{9DA5FE9B-1696-43E8-8826-AD0CA5A9F06E}.Debug|Win32.Build.0 = Debug|Win32
		{9DA5FE9B-1696-43E8-8826-AD0CA5A9F06E}.Debug|x86.ActiveCfg = Debug|Win32
		{9DA5FE9B-1696-43E8-8826-AD0CA5A9F06E}.Release|Any CPU.ActiveCfg = Release|Win32
		{9DA5FE9B-1696-43E8-8826-AD0CA5A9F06E}.Release|Mixed Platforms.ActiveCfg = Release|Win32
		{9DA5FE9B-1696-43E8-8826-AD0CA5A9F06E}.Release|Mixed Platforms.Build.0 = Release|Win32
		{9DA5FE9B-1696-43E8-8826-AD0CA5A9F06E}.Release|Win32.ActiveCfg = Release|Win32
		{9DA5FE9B-1696-43E8-8826-AD0CA5A9F06E}.Release|Win32.Build.0 = Release|Win32
		{9DA5FE9B-1696-43E8-8826-AD0CA5A9F06E}.Release|x86.ActiveCfg = Release|Win32
		{C9A7D78F-5C57-4C03-B617-2B7042455EC6}.Debug|Any CPU.ActiveCfg = Debug|x86
		{C9A7D78F-5C57-4C03-B617-2B7042455EC6}.Debug|Mixed Platforms.ActiveCfg = Debug|x86
		{C9A7D78F-5C57-4C03-B617-2B7042455EC6}.Debug|Mixed Platforms.Build.0 = Debug|x86
		{C9A7D78F-5C57-4C03-B617-2B7042455EC6}.Debug|Win32.ActiveCfg = Debug|x86
		{C9A7D78F-5C57-4C03-B617-2B7042455EC6}.Debug|x86.ActiveCfg = Debug|x86
		{C9A7D78F-5C57-4C03-B617-2B7042455EC6}.Debug|x86.Build.0 = Debug|x86
		{C9A7D78F-5C57-4C03-B617-2B7042455EC6}.Release|Any CPU.ActiveCfg = Release|x86
		{C9A7D78F-5C57-4C03-B617-2B7042455EC6}.Release|Mixed Platforms.ActiveCfg = Release|x86
		{C9A7D78F-5C57-4C03-B617-2B7042455EC6}.Release|Mixed Platforms.Build.0 = Release|x86
		{C9A7D78F-5C57-4C03-B617-2B7042455EC6}.Release|Win32.ActiveCfg = Release|x86
		{C9A7D78F-5C57-4C03-B617-2B7042455EC6}.Release|x86.ActiveCfg = Release|x86
		{C9A7D78F-5C57-4C03-B617-2B7042455EC6}.Release|x86.Build.0 = Release|x86
		{BF284FCF-FD2C-482A-BDBC-F852DC23718E}.Debug|Any CPU.ActiveCfg = Debug|x86
		{BF284FCF-FD2C-482A-BDBC-F852DC23718E}.Debug|Mixed Platforms.ActiveCfg = Debug|x86
		{BF284FCF-FD2C-482A-BDBC-F852DC23718E}.Debug|Mixed Platforms.Build.0 = Debug|x86
		{BF284FCF-FD2C-482A-BDBC-F852DC23718E}.Debug|Win32.ActiveCfg = Debug|x86
		{BF284FCF-FD2C-482A-BDBC-F852DC23718E}.Debug|x86.ActiveCfg = Debug|x86
		{BF284FCF-FD2C-482A-BDBC-F852DC23718E}.Debug|x86.Build.0 = Debug|x86
		{BF284FCF-FD2C-482A-BDBC-F852DC23718E}.Release|Any CPU.ActiveCfg = Release|x86
		{BF284FCF-FD2C-482A-BDBC-F852DC23718E}.Release|Mixed Platforms.ActiveCfg = Release|x86
		{BF284FCF-FD2C-482A-BDBC-F852DC23718E}.Release|Mixed Platforms.Build.0 = Release|x86
		{BF284FCF-FD2C-482A-BDBC-F852DC23718E}.Release|Win32.ActiveCfg = Release|x86
		{BF284FCF-FD2C-482A-BDBC-F852DC23718E}.Release|x86.ActiveCfg = Release|x86
		{BF284FCF-FD2C-482A-BDBC-F852DC23718E}.Release|x86.Build.0 = Release|x86
		{A1666391-1004-4A9E-981D-F7BF933AC22E}.Debug|Any CPU.ActiveCfg = Debug|x86
		{A1666391-1004-4A9E-981D-F7BF933AC22E}.Debug|Mixed Platforms.ActiveCfg = Debug|x86
		{A1666391-1004-4A9E-981D-F7BF933AC22E}.Debug|Mixed Platforms.Build.0 = Debug|x86
		{A1666391-1004-4A9E-981D-F7BF933AC22E}.Debug|Win32.ActiveCfg = Debug|x86
		{A1666391-1004-4A9E-981D-F7BF933AC22E}.Debug|x86.ActiveCfg = Debug|x86
		{A1666391-1004-4A9E-981D-F7BF933AC22E}.Debug|x86.Build.0 = Debug|x86
		{A1666391-1004-4A9E-981D-F7BF933AC22E}.Release|Any CPU.ActiveCfg = Release|x86
		{A1666391-1004-4A9E-981D-F7BF933AC22E}.Release|Mixed Platforms.ActiveCfg = Release|x86
		{A1666391-1004-4A9E-981D-F7BF933AC22E}.Release|Mixed Platforms.Build.0 = Release|x86
		{A1666391-1004-4A9E-981D-F7BF933AC22E}.Release|Win32.ActiveCfg = Release|x86
		{A1666391-1004-4A9E-981D-F7BF933AC22E}.Release|x86.ActiveCfg = Release|x86
		{A1666391-1004-4A9E-981D-F7BF933AC22E}.Release|x86.Build.0 = Release|x86
		{9EDC1E06-B9FA-4B90-9824-BCE4CED96D9E}.Debug|Any CPU.ActiveCfg = Debug|Any CPU
		{9EDC1E06-B9FA-4B90-9824-BCE4CED96D9E}.Debug|Any CPU.Build.0 = Debug|Any CPU
		{9EDC1E06-B9FA-4B90-9824-BCE4CED96D9E}.Debug|Mixed Platforms.ActiveCfg = Debug|Any CPU
		{9EDC1E06-B9FA-4B90-9824-BCE4CED96D9E}.Debug|Mixed Platforms.Build.0 = Debug|Any CPU
		{9EDC1E06-B9FA-4B90-9824-BCE4CED96D9E}.Debug|Win32.ActiveCfg = Debug|Any CPU
		{9EDC1E06-B9FA-4B90-9824-BCE4CED96D9E}.Debug|x86.ActiveCfg = Debug|Any CPU
		{9EDC1E06-B9FA-4B90-9824-BCE4CED96D9E}.Release|Any CPU.ActiveCfg = Release|Any CPU
		{9EDC1E06-B9FA-4B90-9824-BCE4CED96D9E}.Release|Any CPU.Build.0 = Release|Any CPU
		{9EDC1E06-B9FA-4B90-9824-BCE4CED96D9E}.Release|Mixed Platforms.ActiveCfg = Release|Any CPU
		{9EDC1E06-B9FA-4B90-9824-BCE4CED96D9E}.Release|Mixed Platforms.Build.0 = Release|Any CPU
		{9EDC1E06-B9FA-4B90-9824-BCE4CED96D9E}.Release|Win32.ActiveCfg = Release|Any CPU
		{9EDC1E06-B9FA-4B90-9824-BCE4CED96D9E}.Release|x86.ActiveCfg = Release|Any CPU
		{41A6EC6E-5C37-4C38-B9DD-51BBCCB4127B}.Debug|Any CPU.ActiveCfg = Debug|x86
		{41A6EC6E-5C37-4C38-B9DD-51BBCCB4127B}.Debug|Mixed Platforms.ActiveCfg = Debug|x86
		{41A6EC6E-5C37-4C38-B9DD-51BBCCB4127B}.Debug|Mixed Platforms.Build.0 = Debug|x86
		{41A6EC6E-5C37-4C38-B9DD-51BBCCB4127B}.Debug|Win32.ActiveCfg = Debug|x86
		{41A6EC6E-5C37-4C38-B9DD-51BBCCB4127B}.Debug|x86.ActiveCfg = Debug|x86
		{41A6EC6E-5C37-4C38-B9DD-51BBCCB4127B}.Debug|x86.Build.0 = Debug|x86
		{41A6EC6E-5C37-4C38-B9DD-51BBCCB4127B}.Release|Any CPU.ActiveCfg = Release|x86
		{41A6EC6E-5C37-4C38-B9DD-51BBCCB4127B}.Release|Mixed Platforms.ActiveCfg = Release|x86
		{41A6EC6E-5C37-4C38-B9DD-51BBCCB4127B}.Release|Mixed Platforms.Build.0 = Release|x86
		{41A6EC6E-5C37-4C38-B9DD-51BBCCB4127B}.Release|Win32.ActiveCfg = Release|x86
		{41A6EC6E-5C37-4C38-B9DD-51BBCCB4127B}.Release|x86.ActiveCfg = Release|x86
		{41A6EC6E-5C37-4C38-B9DD-51BBCCB4127B}.Release|x86.Build.0 = Release|x86
		{FF126EB1-FFD5-4F36-814C-576EEBD8DB84}.Debug|Any CPU.ActiveCfg = Debug|x86
		{FF126EB1-FFD5-4F36-814C-576EEBD8DB84}.Debug|Mixed Platforms.ActiveCfg = Debug|x86
		{FF126EB1-FFD5-4F36-814C-576EEBD8DB84}.Debug|Mixed Platforms.Build.0 = Debug|x86
		{FF126EB1-FFD5-4F36-814C-576EEBD8DB84}.Debug|Win32.ActiveCfg = Debug|x86
		{FF126EB1-FFD5-4F36-814C-576EEBD8DB84}.Debug|x86.ActiveCfg = Debug|x86
		{FF126EB1-FFD5-4F36-814C-576EEBD8DB84}.Debug|x86.Build.0 = Debug|x86
		{FF126EB1-FFD5-4F36-814C-576EEBD8DB84}.Release|Any CPU.ActiveCfg = Release|x86
		{FF126EB1-FFD5-4F36-814C-576EEBD8DB84}.Release|Mixed Platforms.ActiveCfg = Release|x86
		{FF126EB1-FFD5-4F36-814C-576EEBD8DB84}.Release|Mixed Platforms.Build.0 = Release|x86
		{FF126EB1-FFD5-4F36-814C-576EEBD8DB84}.Release|Win32.ActiveCfg = Release|x86
		{FF126EB1-FFD5-4F36-814C-576EEBD8DB84}.Release|x86.ActiveCfg = Release|x86
		{FF126EB1-FFD5-4F36-814C-576EEBD8DB84}.Release|x86.Build.0 = Release|x86
	EndGlobalSection
	GlobalSection(SolutionProperties) = preSolution
		HideSolutionNode = FALSE
	EndGlobalSection
EndGlobal
